# THIS IS AN AUTOGENERATED FILE. DO NOT EDIT THIS FILE DIRECTLY.
# yarn lockfile v1


"@babel/code-frame@^7.22.13":
  version "7.23.5"
  resolved "https://registry.npmmirror.com/@babel/code-frame/-/code-frame-7.23.5.tgz#9009b69a8c602293476ad598ff53e4562e15c244"
  integrity sha512-CgH3s1a96LipHCmSUmYFPwY7MNx8C3avkq7i4Wl3cfa662ldtUe4VM1TPXX70pfmrlWTb6jLqTYrZyT2ZTJBgA==
  dependencies:
    "@babel/highlight" "^7.23.4"
    chalk "^2.4.2"

"@babel/helper-validator-identifier@^7.22.20":
  version "7.22.20"
  resolved "https://registry.npmmirror.com/@babel/helper-validator-identifier/-/helper-validator-identifier-7.22.20.tgz#c4ae002c61d2879e724581d96665583dbc1dc0e0"
  integrity sha512-Y4OZ+ytlatR8AI+8KZfKuL5urKp7qey08ha31L8b3BwewJAoJamTzyvxPR/5D+KkdJCGPq/+8TukHBlY10FX9A==

"@babel/highlight@^7.23.4":
  version "7.23.4"
  resolved "https://registry.npmmirror.com/@babel/highlight/-/highlight-7.23.4.tgz#edaadf4d8232e1a961432db785091207ead0621b"
  integrity sha512-acGdbYSfp2WheJoJm/EBBBLh/ID8KDc64ISZ9DYtBmC8/Q204PZJLHyzeB5qMzJ5trcOkybd78M4x2KWsUq++A==
  dependencies:
    "@babel/helper-validator-identifier" "^7.22.20"
    chalk "^2.4.2"
    js-tokens "^4.0.0"

"@jridgewell/sourcemap-codec@^1.4.15":
  version "1.4.15"
  resolved "https://registry.npmmirror.com/@jridgewell/sourcemap-codec/-/sourcemap-codec-1.4.15.tgz#d7c6e6755c78567a951e04ab52ef0fd26de59f32"
  integrity sha512-eF2rxCRulEKXHTRiDrDy6erMYWqNw4LPdQ8UQA4huuxaQsVeRPFl2oM8oDGxMFhJUWZf9McpLtJasDDZb/Bpeg==

"@rollup/pluginutils@^4.1.2":
  version "4.2.1"
  resolved "https://registry.npmmirror.com/@rollup/pluginutils/-/pluginutils-4.2.1.tgz#e6c6c3aba0744edce3fb2074922d3776c0af2a6d"
  integrity sha512-iKnFXr7NkdZAIHiIWE+BX5ULi/ucVFYWD6TbAV+rZctiRTY2PL6tsIKhoIOaoskiWAkgu+VsbXgUVDNLHf+InQ==
  dependencies:
    estree-walker "^2.0.1"
    picomatch "^2.2.2"

"@rollup/rollup-android-arm-eabi@4.12.1":
  version "4.12.1"
  resolved "https://registry.npmmirror.com/@rollup/rollup-android-arm-eabi/-/rollup-android-arm-eabi-4.12.1.tgz#11aaa02a933864b87f0b31cf2b755734e1f22787"
  integrity sha512-iU2Sya8hNn1LhsYyf0N+L4Gf9Qc+9eBTJJJsaOGUp+7x4n2M9dxTt8UvhJl3oeftSjblSlpCfvjA/IfP3g5VjQ==

"@rollup/rollup-android-arm64@4.12.1":
  version "4.12.1"
  resolved "https://registry.npmmirror.com/@rollup/rollup-android-arm64/-/rollup-android-arm64-4.12.1.tgz#b1e606fb4b46b38dc32bf010d513449462d669e9"
  integrity sha512-wlzcWiH2Ir7rdMELxFE5vuM7D6TsOcJ2Yw0c3vaBR3VOsJFVTx9xvwnAvhgU5Ii8Gd6+I11qNHwndDscIm0HXg==

"@rollup/rollup-darwin-arm64@4.12.1":
  version "4.12.1"
  resolved "https://registry.npmmirror.com/@rollup/rollup-darwin-arm64/-/rollup-darwin-arm64-4.12.1.tgz#dc21df1be9402671a8b6b15a93dd5953c68ec114"
  integrity sha512-YRXa1+aZIFN5BaImK+84B3uNK8C6+ynKLPgvn29X9s0LTVCByp54TB7tdSMHDR7GTV39bz1lOmlLDuedgTwwHg==

"@rollup/rollup-darwin-x64@4.12.1":
  version "4.12.1"
  resolved "https://registry.npmmirror.com/@rollup/rollup-darwin-x64/-/rollup-darwin-x64-4.12.1.tgz#397dcc4427d774f29b9954676893574ac563bf0b"
  integrity sha512-opjWJ4MevxeA8FhlngQWPBOvVWYNPFkq6/25rGgG+KOy0r8clYwL1CFd+PGwRqqMFVQ4/Qd3sQu5t7ucP7C/Uw==

"@rollup/rollup-linux-arm-gnueabihf@4.12.1":
  version "4.12.1"
  resolved "https://registry.npmmirror.com/@rollup/rollup-linux-arm-gnueabihf/-/rollup-linux-arm-gnueabihf-4.12.1.tgz#d851fd49d617e7792e7cde8e5a95ca51ea520fe5"
  integrity sha512-uBkwaI+gBUlIe+EfbNnY5xNyXuhZbDSx2nzzW8tRMjUmpScd6lCQYKY2V9BATHtv5Ef2OBq6SChEP8h+/cxifQ==

"@rollup/rollup-linux-arm64-gnu@4.12.1":
  version "4.12.1"
  resolved "https://registry.npmmirror.com/@rollup/rollup-linux-arm64-gnu/-/rollup-linux-arm64-gnu-4.12.1.tgz#e41a271ae51f79ffee6fb2b5597cc81b4ef66ad9"
  integrity sha512-0bK9aG1kIg0Su7OcFTlexkVeNZ5IzEsnz1ept87a0TUgZ6HplSgkJAnFpEVRW7GRcikT4GlPV0pbtVedOaXHQQ==

"@rollup/rollup-linux-arm64-musl@4.12.1":
  version "4.12.1"
  resolved "https://registry.npmmirror.com/@rollup/rollup-linux-arm64-musl/-/rollup-linux-arm64-musl-4.12.1.tgz#d3b4cd6ef18d0aa7103129755e0c535701624fac"
  integrity sha512-qB6AFRXuP8bdkBI4D7UPUbE7OQf7u5OL+R94JE42Z2Qjmyj74FtDdLGeriRyBDhm4rQSvqAGCGC01b8Fu2LthQ==

"@rollup/rollup-linux-riscv64-gnu@4.12.1":
  version "4.12.1"
  resolved "https://registry.npmmirror.com/@rollup/rollup-linux-riscv64-gnu/-/rollup-linux-riscv64-gnu-4.12.1.tgz#215101b2bb768cce2f2227145b8dd5c3c716c259"
  integrity sha512-sHig3LaGlpNgDj5o8uPEoGs98RII8HpNIqFtAI8/pYABO8i0nb1QzT0JDoXF/pxzqO+FkxvwkHZo9k0NJYDedg==

"@rollup/rollup-linux-x64-gnu@4.12.1":
  version "4.12.1"
  resolved "https://registry.npmmirror.com/@rollup/rollup-linux-x64-gnu/-/rollup-linux-x64-gnu-4.12.1.tgz#34a12fa305e167105eab70dbf577cd41e5199709"
  integrity sha512-nD3YcUv6jBJbBNFvSbp0IV66+ba/1teuBcu+fBBPZ33sidxitc6ErhON3JNavaH8HlswhWMC3s5rgZpM4MtPqQ==

"@rollup/rollup-linux-x64-musl@4.12.1":
  version "4.12.1"
  resolved "https://registry.npmmirror.com/@rollup/rollup-linux-x64-musl/-/rollup-linux-x64-musl-4.12.1.tgz#3f000b5a92a32b844e385e1166979c87882930a3"
  integrity sha512-7/XVZqgBby2qp/cO0TQ8uJK+9xnSdJ9ct6gSDdEr4MfABrjTyrW6Bau7HQ73a2a5tPB7hno49A0y1jhWGDN9OQ==

"@rollup/rollup-win32-arm64-msvc@4.12.1":
  version "4.12.1"
  resolved "https://registry.npmmirror.com/@rollup/rollup-win32-arm64-msvc/-/rollup-win32-arm64-msvc-4.12.1.tgz#27977d91f5059645ebb3b7fbf4429982de2278d3"
  integrity sha512-CYc64bnICG42UPL7TrhIwsJW4QcKkIt9gGlj21gq3VV0LL6XNb1yAdHVp1pIi9gkts9gGcT3OfUYHjGP7ETAiw==

"@rollup/rollup-win32-ia32-msvc@4.12.1":
  version "4.12.1"
  resolved "https://registry.npmmirror.com/@rollup/rollup-win32-ia32-msvc/-/rollup-win32-ia32-msvc-4.12.1.tgz#0d252acd5af0274209c74374867ee8b949843d75"
  integrity sha512-LN+vnlZ9g0qlHGlS920GR4zFCqAwbv2lULrR29yGaWP9u7wF5L7GqWu9Ah6/kFZPXPUkpdZwd//TNR+9XC9hvA==

"@rollup/rollup-win32-x64-msvc@4.12.1":
  version "4.12.1"
  resolved "https://registry.npmmirror.com/@rollup/rollup-win32-x64-msvc/-/rollup-win32-x64-msvc-4.12.1.tgz#cd8d175e001c212d5ac71c7827ef1d5c5e14494c"
  integrity sha512-n+vkrSyphvmU0qkQ6QBNXCGr2mKjhP08mPRM/Xp5Ck2FV4NrHU+y6axzDeixUrCBHVUS51TZhjqrKBBsHLKb2Q==

"@turbowarp/types@^0.0.12":
  version "0.0.12"
  resolved "https://registry.npmmirror.com/@turbowarp/types/-/types-0.0.12.tgz#7ed12fde4f8340ffc0cde794386a08fdedde343c"
  integrity sha512-VhYdLDyk3ZgCnGb0xN0x0sj4SXsiYknnA/b1UzJlK1EVzK8gO4c+BQg0famYUVIgfS93eBbgRTXP0EyEz0zu/Q==

"@types/estree@1.0.5":
  version "1.0.5"
  resolved "https://registry.npmmirror.com/@types/estree/-/estree-1.0.5.tgz#a6ce3e556e00fd9895dd872dd172ad0d4bd687f4"
  integrity sha512-/kYRxGDLWzHOB7q+wtSUQlFrtcdUccpfy+X+9iMBpHK8QLLhx2wIPYuS5DYtR9Wa/YlZAbIovy7qVdB1Aq6Lyw==

ansi-styles@^3.2.1:
  version "3.2.1"
  resolved "https://registry.npmmirror.com/ansi-styles/-/ansi-styles-3.2.1.tgz#41fbb20243e50b12be0f04b8dedbf07520ce841d"
  integrity sha512-VT0ZI6kZRdTh8YyJw3SMbYm/u+NqfsAxEpWO0Pf9sq8/e94WxxOpPKx9FR1FlyCtOVDNOQ+8ntlqFxiRc+r5qA==
  dependencies:
    color-convert "^1.9.0"

chalk@^2.4.2:
  version "2.4.2"
  resolved "https://registry.npmmirror.com/chalk/-/chalk-2.4.2.tgz#cd42541677a54333cf541a49108c1432b44c9424"
  integrity sha512-Mti+f9lpJNcwF4tWV8/OrTTtF1gZi+f8FqlyAdouralcFWFQWF2+NgCHShjkCb+IFBLq9buZwE1xckQU4peSuQ==
  dependencies:
    ansi-styles "^3.2.1"
    escape-string-regexp "^1.0.5"
    supports-color "^5.3.0"

color-convert@^1.9.0:
  version "1.9.3"
  resolved "https://registry.npmmirror.com/color-convert/-/color-convert-1.9.3.tgz#bb71850690e1f136567de629d2d5471deda4c1e8"
  integrity sha512-QfAUtd+vFdAtFQcC8CCyYt1fYWxSqAiK2cSD6zDB8N3cpsEBAvRxp9zOGg6G/SHHJYAT88/az/IuDGALsNVbGg==
  dependencies:
    color-name "1.1.3"

color-name@1.1.3:
  version "1.1.3"
  resolved "https://registry.npmmirror.com/color-name/-/color-name-1.1.3.tgz#a7d0558bd89c42f795dd42328f740831ca53bc25"
  integrity sha512-72fSenhMw2HZMTVHeCA9KCmpEIbzWiQsjN+BHcBbS9vr1mtt+vJjPdksIBNUmKAW8TFUDPJK5SUU3QhE9NEXDw==

commondir@^1.0.1:
  version "1.0.1"
  resolved "https://registry.npmmirror.com/commondir/-/commondir-1.0.1.tgz#ddd800da0c66127393cca5950ea968a3aaf1253b"
  integrity sha512-W9pAhw0ja1Edb5GVdIF1mjZw/ASI0AlShXM83UUGe2DVr5TdAPEA1OA8m/g8zWp9x6On7gqufY+FatDbC3MDQg==

escape-string-regexp@^1.0.5:
  version "1.0.5"
  resolved "https://registry.npmmirror.com/escape-string-regexp/-/escape-string-regexp-1.0.5.tgz#1b61c0562190a8dff6ae3bb2cf0200ca130b86d4"
  integrity sha512-vbRorB5FUQWvla16U8R/qgaFIya2qGzwDrNmCZuYKrbdSUMG6I1ZCGQRefkRVhuOkIGVne7BQ35DSfo1qvJqFg==

estree-walker@^0.6.1:
  version "0.6.1"
  resolved "https://registry.npmmirror.com/estree-walker/-/estree-walker-0.6.1.tgz#53049143f40c6eb918b23671d1fe3219f3a1b362"
  integrity sha512-SqmZANLWS0mnatqbSfRP5g8OXZC12Fgg1IwNtLsyHDzJizORW4khDfjPqJZsemPWBB2uqykUah5YpQ6epsqC/w==

estree-walker@^2.0.1:
  version "2.0.2"
  resolved "https://registry.npmmirror.com/estree-walker/-/estree-walker-2.0.2.tgz#52f010178c2a4c117a7757cfe942adb7d2da4cac"
  integrity sha512-Rfkk/Mp/DL7JVje3u18FxFujQlTNR2q6QfMSMB7AvCBx91NGj/ba3kCfza0f6dVDbw7YlRf/nDrn7pQrCCyQ/w==

find-cache-dir@^3.3.2:
  version "3.3.2"
  resolved "https://registry.npmmirror.com/find-cache-dir/-/find-cache-dir-3.3.2.tgz#b30c5b6eff0730731aea9bbd9dbecbd80256d64b"
  integrity sha512-wXZV5emFEjrridIgED11OoUKLxiYjAcqot/NJdAkOhlJ+vGzwhOAfcG5OX1jP+S0PcjEn8bdMJv+g2jwQ3Onig==
  dependencies:
    commondir "^1.0.1"
    make-dir "^3.0.2"
    pkg-dir "^4.1.0"

find-up@^4.0.0:
  version "4.1.0"
  resolved "https://registry.npmmirror.com/find-up/-/find-up-4.1.0.tgz#97afe7d6cdc0bc5928584b7c8d7b16e8a9aa5d19"
  integrity sha512-PpOwAdQ/YlXQ2vj8a3h8IipDuYRi3wceVQQGYWxNINccq40Anw7BlsEXCMbt1Zt+OLA6Fq9suIpIWD0OsnISlw==
  dependencies:
    locate-path "^5.0.0"
    path-exists "^4.0.0"

fs-extra@^10.0.0:
  version "10.1.0"
  resolved "https://registry.npmmirror.com/fs-extra/-/fs-extra-10.1.0.tgz#02873cfbc4084dde127eaa5f9905eef2325d1abf"
  integrity sha512-oRXApq54ETRj4eMiFzGnHWGy+zo5raudjuxN0b8H7s/RU2oW0Wvsx9O0ACRN/kRq9E8Vu/ReskGB5o3ji+FzHQ==
  dependencies:
    graceful-fs "^4.2.0"
    jsonfile "^6.0.1"
    universalify "^2.0.0"

fsevents@~2.3.2:
  version "2.3.3"
  resolved "https://registry.npmmirror.com/fsevents/-/fsevents-2.3.3.tgz#cac6407785d03675a2a5e1a5305c697b347d90d6"
  integrity sha512-5xoDfX+fL7faATnagmWPpbFtwh/R77WmMMqqHGS65C3vvB0YHrgF+B1YmZ3441tMj5n63k0212XNoJwzlhffQw==

graceful-fs@^4.1.6, graceful-fs@^4.2.0:
  version "4.2.11"
  resolved "https://registry.npmmirror.com/graceful-fs/-/graceful-fs-4.2.11.tgz#4183e4e8bf08bb6e05bbb2f7d2e0c8f712ca40e3"
  integrity sha512-RbJ5/jmFcNNCcDV5o9eTnBLJ/HszWV0P73bc+Ff4nS/rJj+YaS6IGyiOL0VoBYX+l1Wrl3k63h/KrH+nhJ0XvQ==

has-flag@^3.0.0:
  version "3.0.0"
  resolved "https://registry.npmmirror.com/has-flag/-/has-flag-3.0.0.tgz#b5d454dc2199ae225699f3467e5a07f3b955bafd"
  integrity sha512-sKJf1+ceQBr4SMkvQnBDNDtf4TXpVhVGateu0t918bl30FnbE2m4vNLX+VWe/dpjlb+HugGYzW7uQXH98HPEYw==

js-tokens@^4.0.0:
  version "4.0.0"
  resolved "https://registry.npmmirror.com/js-tokens/-/js-tokens-4.0.0.tgz#19203fb59991df98e3a287050d4647cdeaf32499"
  integrity sha512-RdJUflcE3cUzKiMqQgsCu06FPu9UdIJO0beYbPhHN4k6apgJtifcoCtT9bcxOpYBtpD2kCM6Sbzg4CausW/PKQ==

jsonfile@^6.0.1:
  version "6.1.0"
  resolved "https://registry.npmmirror.com/jsonfile/-/jsonfile-6.1.0.tgz#bc55b2634793c679ec6403094eb13698a6ec0aae"
  integrity sha512-5dgndWOriYSm5cnYaJNhalLNDKOqFwyDB/rr1E9ZsGciGvKPs8R2xYGCacuf3z6K1YKDz182fd+fY3cn3pMqXQ==
  dependencies:
    universalify "^2.0.0"
  optionalDependencies:
    graceful-fs "^4.1.6"

locate-path@^5.0.0:
  version "5.0.0"
  resolved "https://registry.npmmirror.com/locate-path/-/locate-path-5.0.0.tgz#1afba396afd676a6d42504d0a67a3a7eb9f62aa0"
  integrity sha512-t7hw9pI+WvuwNJXwk5zVHpyhIqzg2qTlklJOf0mVxGSbe3Fp2VieZcduNYjaLDoy6p9uGpQEGWG87WpMKlNq8g==
  dependencies:
    p-locate "^4.1.0"

lru-cache@^6.0.0:
  version "6.0.0"
  resolved "https://registry.npmmirror.com/lru-cache/-/lru-cache-6.0.0.tgz#6d6fe6570ebd96aaf90fcad1dafa3b2566db3a94"
  integrity sha512-Jo6dJ04CmSjuznwJSS3pUeWmd/H0ffTlkXXgwZi+eq1UCmqQwCh+eLsYOYCwY991i2Fah4h1BEMCx4qThGbsiA==
  dependencies:
    yallist "^4.0.0"

magic-string@^0.30.4:
  version "0.30.8"
  resolved "https://registry.npmmirror.com/magic-string/-/magic-string-0.30.8.tgz#14e8624246d2bedba70d5462aa99ac9681844613"
  integrity sha512-ISQTe55T2ao7XtlAStud6qwYPZjE4GK1S/BeVPus4jrq6JuOnQ00YKQC581RWhR122W7msZV263KzVeLoqidyQ==
  dependencies:
    "@jridgewell/sourcemap-codec" "^1.4.15"

make-dir@^3.0.2:
  version "3.1.0"
  resolved "https://registry.npmmirror.com/make-dir/-/make-dir-3.1.0.tgz#415e967046b3a7f1d185277d84aa58203726a13f"
  integrity sha512-g3FeP20LNwhALb/6Cz6Dd4F2ngze0jz7tbzrD2wAV+o9FeNHe4rL+yK2md0J/fiSf1sa1ADhXqi5+oVwOM/eGw==
  dependencies:
    semver "^6.0.0"

mime@^1.3.6:
  version "1.6.0"
  resolved "https://registry.npmmirror.com/mime/-/mime-1.6.0.tgz#32cd9e5c64553bd58d19a568af452acff04981b1"
  integrity sha512-x0Vn8spI+wuJ1O6S7gnbaQg8Pxh4NNHb7KSINmEWKiPE4RKOplvijn+NkmYmmRgP68mc70j2EbeTFRsrswaQeg==

opener@^1.4.3:
  version "1.5.2"
  resolved "https://registry.npmmirror.com/opener/-/opener-1.5.2.tgz#5d37e1f35077b9dcac4301372271afdeb2a13598"
  integrity sha512-ur5UIdyw5Y7yEj9wLzhqXiy6GZ3Mwx0yGI+5sMn2r0N0v3cKJvUmFH5yPP+WXh9e0xfyzyJX95D8l088DNFj7A==

p-limit@^2.2.0:
  version "2.3.0"
  resolved "https://registry.npmmirror.com/p-limit/-/p-limit-2.3.0.tgz#3dd33c647a214fdfffd835933eb086da0dc21db1"
  integrity sha512-//88mFWSJx8lxCzwdAABTJL2MyWB12+eIY7MDL2SqLmAkeKU9qxRvWuSyTjm3FUmpBEMuFfckAIqEaVGUDxb6w==
  dependencies:
    p-try "^2.0.0"

p-locate@^4.1.0:
  version "4.1.0"
  resolved "https://registry.npmmirror.com/p-locate/-/p-locate-4.1.0.tgz#a3428bb7088b3a60292f66919278b7c297ad4f07"
  integrity sha512-R79ZZ/0wAxKGu3oYMlz8jy/kbhsNrS7SKZ7PxEHBgJ5+F2mtFW2fK2cOtBh1cHYkQsbzFV7I+EoRKe6Yt0oK7A==
  dependencies:
    p-limit "^2.2.0"

p-try@^2.0.0:
  version "2.2.0"
  resolved "https://registry.npmmirror.com/p-try/-/p-try-2.2.0.tgz#cb2868540e313d61de58fafbe35ce9004d5540e6"
  integrity sha512-R4nPAVTAU0B9D35/Gk3uJf/7XYbQcyohSKdvAxIRSNghFl4e71hVoGnBNQz9cWaXxO2I10KTC+3jMdvvoKw6dQ==

path-exists@^4.0.0:
  version "4.0.0"
  resolved "https://registry.npmmirror.com/path-exists/-/path-exists-4.0.0.tgz#513bdbe2d3b95d7762e8c1137efa195c6c61b5b3"
  integrity sha512-ak9Qy5Q7jYb2Wwcey5Fpvg2KoAc/ZIhLSLOSBmRmygPsGwkVVt0fZa0qrtMz+m6tJTAHfZQ8FnmB4MG4LWy7/w==

picomatch@^2.2.2:
  version "2.3.1"
  resolved "https://registry.npmmirror.com/picomatch/-/picomatch-2.3.1.tgz#3ba3833733646d9d3e4995946c1365a67fb07a42"
  integrity sha512-JU3teHTNjmE2VCGFzuY8EXzCDVwEqB2a8fsIvwaStHhAWJEeVd1o1QD80CU6+ZdEXXSLbSsuLwJjkCBWqRQUVA==

pkg-dir@^4.1.0:
  version "4.2.0"
  resolved "https://registry.npmmirror.com/pkg-dir/-/pkg-dir-4.2.0.tgz#f099133df7ede422e81d1d8448270eeb3e4261f3"
  integrity sha512-HRDzbaKjC+AOWVXxAU/x54COGeIv9eb+6CkDSQoNTt4XyWoIJvuPsXizxu/Fr23EiekbtZwmh1IcIG/l/a10GQ==
  dependencies:
    find-up "^4.0.0"

rollup-plugin-dts@^6.1.0:
  version "6.1.0"
  resolved "https://registry.npmmirror.com/rollup-plugin-dts/-/rollup-plugin-dts-6.1.0.tgz#56e9c5548dac717213c6a4aa9df523faf04f75ae"
  integrity sha512-ijSCPICkRMDKDLBK9torss07+8dl9UpY9z1N/zTeA1cIqdzMlpkV3MOOC7zukyvQfDyxa1s3Dl2+DeiP/G6DOw==
  dependencies:
    magic-string "^0.30.4"
  optionalDependencies:
    "@babel/code-frame" "^7.22.13"

rollup-plugin-server@^0.7.0:
  version "0.7.0"
  resolved "https://registry.npmmirror.com/rollup-plugin-server/-/rollup-plugin-server-0.7.0.tgz#cac777a4d6a33e86fcb2330c42bc32393960f0a2"
  integrity sha512-JZSKOvoh9+t1VEzjos1+mkpJ6Awd15ymlVZ35r6SHpqKirgYdHmc1U/6dtdv38t6K200q6wPBe1hvzQI3kbYPA==
  dependencies:
    mime "^1.3.6"
    opener "^1.4.3"

rollup-plugin-string@^3.0.0:
  version "3.0.0"
  resolved "https://registry.npmmirror.com/rollup-plugin-string/-/rollup-plugin-string-3.0.0.tgz#fed2d6301fae1e59eb610957df757ef13fada3f0"
  integrity sha512-vqyzgn9QefAgeKi+Y4A7jETeIAU1zQmS6VotH6bzm/zmUQEnYkpIGRaOBPY41oiWYV4JyBoGAaBjYMYuv+6wVw==
  dependencies:
    rollup-pluginutils "^2.4.1"

rollup-plugin-typescript2@^0.36.0:
  version "0.36.0"
  resolved "https://registry.npmmirror.com/rollup-plugin-typescript2/-/rollup-plugin-typescript2-0.36.0.tgz#309564eb70d710412f5901344ca92045e180ed53"
  integrity sha512-NB2CSQDxSe9+Oe2ahZbf+B4bh7pHwjV5L+RSYpCu7Q5ROuN94F9b6ioWwKfz3ueL3KTtmX4o2MUH2cgHDIEUsw==
  dependencies:
    "@rollup/pluginutils" "^4.1.2"
    find-cache-dir "^3.3.2"
    fs-extra "^10.0.0"
    semver "^7.5.4"
    tslib "^2.6.2"

rollup-pluginutils@^2.4.1:
  version "2.8.2"
  resolved "https://registry.npmmirror.com/rollup-pluginutils/-/rollup-pluginutils-2.8.2.tgz#72f2af0748b592364dbd3389e600e5a9444a351e"
  integrity sha512-EEp9NhnUkwY8aif6bxgovPHMoMoNr2FulJziTndpt5H9RdwC47GSGuII9XxpSdzVGM0GWrNPHV6ie1LTNJPaLQ==
  dependencies:
    estree-walker "^0.6.1"

rollup@^4.12.1:
  version "4.12.1"
  resolved "https://registry.npmmirror.com/rollup/-/rollup-4.12.1.tgz#0659cb02551cde4c5b210e9bd3af050b5b5b415d"
  integrity sha512-ggqQKvx/PsB0FaWXhIvVkSWh7a/PCLQAsMjBc+nA2M8Rv2/HG0X6zvixAB7KyZBRtifBUhy5k8voQX/mRnABPg==
  dependencies:
    "@types/estree" "1.0.5"
  optionalDependencies:
    "@rollup/rollup-android-arm-eabi" "4.12.1"
    "@rollup/rollup-android-arm64" "4.12.1"
    "@rollup/rollup-darwin-arm64" "4.12.1"
    "@rollup/rollup-darwin-x64" "4.12.1"
    "@rollup/rollup-linux-arm-gnueabihf" "4.12.1"
    "@rollup/rollup-linux-arm64-gnu" "4.12.1"
    "@rollup/rollup-linux-arm64-musl" "4.12.1"
    "@rollup/rollup-linux-riscv64-gnu" "4.12.1"
    "@rollup/rollup-linux-x64-gnu" "4.12.1"
    "@rollup/rollup-linux-x64-musl" "4.12.1"
    "@rollup/rollup-win32-arm64-msvc" "4.12.1"
    "@rollup/rollup-win32-ia32-msvc" "4.12.1"
    "@rollup/rollup-win32-x64-msvc" "4.12.1"
    fsevents "~2.3.2"

semver@^6.0.0:
  version "6.3.1"
  resolved "https://registry.npmmirror.com/semver/-/semver-6.3.1.tgz#556d2ef8689146e46dcea4bfdd095f3434dffcb4"
  integrity sha512-BR7VvDCVHO+q2xBEWskxS6DJE1qRnb7DxzUrogb71CWoSficBxYsiAGd+Kl0mmq/MprG9yArRkyrQxTO6XjMzA==

semver@^7.5.4:
  version "7.6.0"
  resolved "https://registry.npmmirror.com/semver/-/semver-7.6.0.tgz#1a46a4db4bffcccd97b743b5005c8325f23d4e2d"
  integrity sha512-EnwXhrlwXMk9gKu5/flx5sv/an57AkRplG3hTK68W7FRDN+k+OWBj65M7719OkA82XLBxrcX0KSHj+X5COhOVg==
  dependencies:
    lru-cache "^6.0.0"

supports-color@^5.3.0:
  version "5.5.0"
  resolved "https://registry.npmmirror.com/supports-color/-/supports-color-5.5.0.tgz#e2e69a44ac8772f78a1ec0b35b689df6530efc8f"
  integrity sha512-QjVjwdXIt408MIiAqCX4oUKsgU2EqAGzs2Ppkm4aQYbjm+ZEWEcW4SfFNTr4uMNZma0ey4f5lgLrkB0aX0QMow==
  dependencies:
    has-flag "^3.0.0"

tslib@^2.6.2:
  version "2.6.2"
  resolved "https://registry.npmmirror.com/tslib/-/tslib-2.6.2.tgz#703ac29425e7b37cd6fd456e92404d46d1f3e4ae"
  integrity sha512-AEYxH93jGFPn/a2iVAwW87VuUIkR1FVUKB77NwMF7nBTDkDrrT/Hpt/IrCJ0QXhW27jTBDcf5ZY7w6RiqTMw2Q==

typescript@^5.4.2:
  version "5.4.2"
  resolved "https://registry.npmmirror.com/typescript/-/typescript-5.4.2.tgz#0ae9cebcfae970718474fe0da2c090cad6577372"
  integrity sha512-+2/g0Fds1ERlP6JsakQQDXjZdZMM+rqpamFZJEKh4kwTIn3iDkgKtby0CeNd5ATNZ4Ry1ax15TMx0W2V+miizQ==

universalify@^2.0.0:
  version "2.0.1"
  resolved "https://registry.npmmirror.com/universalify/-/universalify-2.0.1.tgz#168efc2180964e6386d061e094df61afe239b18d"
  integrity sha512-gptHNQghINnc/vTGIk0SOFGFNXw7JVrlRUtConJRlvaw6DuX0wO5Jeko9sWrMBhh+PsYAZ7oXAiOnf/UKogyiw==

yallist@^4.0.0:
  version "4.0.0"
  resolved "https://registry.npmmirror.com/yallist/-/yallist-4.0.0.tgz#9bb92790d9c0effec63be73519e11a35019a3a72"
  integrity sha512-3wdGidZyq5PB084XLES5TpOSRA3wjXAlIWMhum2kRcv/41Sn2emQ0dycQW4uZXLejwKvg6EsvbdlVL+FYEct7A==
